
Microsoft Visual Studio Solution File, Format Version 12.00
# Visual Studio Version 17
VisualStudioVersion = 17.9.34728.123
MinimumVisualStudioVersion = 10.0.40219.1
Project("{FAE04EC0-301F-11D3-BF4B-00C04F79EFBC}") = "FUInertiaRedux", "FUInertiaRedux.csproj", "{501243E9-BE28-4CA6-A870-AFFBD0F19EB4}"
EndProject
Global
	GlobalSection(SolutionConfigurationPlatforms) = preSolution
		Debug|Any CPU = Debug|Any CPU
		Release|Any CPU = Release|Any CPU
	EndGlobalSection
	GlobalSection(ProjectConfigurationPlatforms) = postSolution
		{501243E9-BE28-4CA6-A870-AFFBD0F19EB4}.Debug|Any CPU.ActiveCfg = Debug|Any CPU
		{501243E9-BE28-4CA6-A870-AFFBD0F19EB4}.Debug|Any CPU.Build.0 = Debug|Any CPU
		{501243E9-BE28-4CA6-A870-AFFBD0F19EB4}.Release|Any CPU.ActiveCfg = Release|Any CPU
		{501243E9-BE28-4CA6-A870-AFFBD0F19EB4}.Release|Any CPU.Build.0 = Release|Any CPU
	EndGlobalSection
	GlobalSection(SolutionProperties) = preSolution
		HideSolutionNode = FALSE
	EndGlobalSection
	GlobalSection(ExtensibilityGlobals) = postSolution
		SolutionGuid = {B86ADBF8-89EB-4629-B289-EAB3725E3F00}
	EndGlobalSection
EndGlobal
